// !$*UTF8*$!
{
	archiveVersion = 1;
	classes = {
	};
	objectVersion = 46;
	objects = {

/* Begin PBXBuildFile section */
		41832F941964557D00537D3B /* Foundation.framework in Frameworks */ = {isa = PBXBuildFile; fileRef = 41832F931964557D00537D3B /* Foundation.framework */; };
		41832F961964557D00537D3B /* CoreGraphics.framework in Frameworks */ = {isa = PBXBuildFile; fileRef = 41832F951964557D00537D3B /* CoreGraphics.framework */; };
		41832F981964557D00537D3B /* UIKit.framework in Frameworks */ = {isa = PBXBuildFile; fileRef = 41832F971964557D00537D3B /* UIKit.framework */; };
		41832F9E1964557D00537D3B /* InfoPlist.strings in Resources */ = {isa = PBXBuildFile; fileRef = 41832F9C1964557D00537D3B /* InfoPlist.strings */; };
		41832FA01964557D00537D3B /* main.m in Sources */ = {isa = PBXBuildFile; fileRef = 41832F9F1964557D00537D3B /* main.m */; };
		41832FA41964557D00537D3B /* ReactoAppDelegate.m in Sources */ = {isa = PBXBuildFile; fileRef = 41832FA31964557D00537D3B /* ReactoAppDelegate.m */; };
		41832FA71964557D00537D3B /* Main_iPhone.storyboard in Resources */ = {isa = PBXBuildFile; fileRef = 41832FA51964557D00537D3B /* Main_iPhone.storyboard */; };
		41832FAA1964557D00537D3B /* Main_iPad.storyboard in Resources */ = {isa = PBXBuildFile; fileRef = 41832FA81964557D00537D3B /* Main_iPad.storyboard */; };
		41832FAD1964557D00537D3B /* ReactoViewController.m in Sources */ = {isa = PBXBuildFile; fileRef = 41832FAC1964557D00537D3B /* ReactoViewController.m */; };
		41832FAF1964557D00537D3B /* Images.xcassets in Resources */ = {isa = PBXBuildFile; fileRef = 41832FAE1964557D00537D3B /* Images.xcassets */; };
		41832FB61964557D00537D3B /* XCTest.framework in Frameworks */ = {isa = PBXBuildFile; fileRef = 41832FB51964557D00537D3B /* XCTest.framework */; };
		41832FB71964557D00537D3B /* Foundation.framework in Frameworks */ = {isa = PBXBuildFile; fileRef = 41832F931964557D00537D3B /* Foundation.framework */; };
		41832FB81964557D00537D3B /* UIKit.framework in Frameworks */ = {isa = PBXBuildFile; fileRef = 41832F971964557D00537D3B /* UIKit.framework */; };
		41832FC01964557D00537D3B /* InfoPlist.strings in Resources */ = {isa = PBXBuildFile; fileRef = 41832FBE1964557D00537D3B /* InfoPlist.strings */; };
		41832FC21964557D00537D3B /* ReactoTests.m in Sources */ = {isa = PBXBuildFile; fileRef = 41832FC11964557D00537D3B /* ReactoTests.m */; };
/* End PBXBuildFile section */

/* Begin PBXContainerItemProxy section */
		41832FB91964557D00537D3B /* PBXContainerItemProxy */ = {
			isa = PBXContainerItemProxy;
			containerPortal = 41832F881964557D00537D3B /* Project object */;
			proxyType = 1;
			remoteGlobalIDString = 41832F8F1964557D00537D3B;
			remoteInfo = Reacto;
		};
/* End PBXContainerItemProxy section */

/* Begin PBXFileReference section */
		41832F901964557D00537D3B /* Reacto.app */ = {isa = PBXFileReference; explicitFileType = wrapper.application; includeInIndex = 0; path = Reacto.app; sourceTree = BUILT_PRODUCTS_DIR; };
		41832F931964557D00537D3B /* Foundation.framework */ = {isa = PBXFileReference; lastKnownFileType = wrapper.framework; name = Foundation.framework; path = System/Library/Frameworks/Foundation.framework; sourceTree = SDKROOT; };
		41832F951964557D00537D3B /* CoreGraphics.framework */ = {isa = PBXFileReference; lastKnownFileType = wrapper.framework; name = CoreGraphics.framework; path = System/Library/Frameworks/CoreGraphics.framework; sourceTree = SDKROOT; };
		41832F971964557D00537D3B /* UIKit.framework */ = {isa = PBXFileReference; lastKnownFileType = wrapper.framework; name = UIKit.framework; path = System/Library/Frameworks/UIKit.framework; sourceTree = SDKROOT; };
		41832F9B1964557D00537D3B /* Reacto-Info.plist */ = {isa = PBXFileReference; lastKnownFileType = text.plist.xml; path = "Reacto-Info.plist"; sourceTree = "<group>"; };
		41832F9D1964557D00537D3B /* en */ = {isa = PBXFileReference; lastKnownFileType = text.plist.strings; name = en; path = en.lproj/InfoPlist.strings; sourceTree = "<group>"; };
		41832F9F1964557D00537D3B /* main.m */ = {isa = PBXFileReference; lastKnownFileType = sourcecode.c.objc; path = main.m; sourceTree = "<group>"; };
		41832FA11964557D00537D3B /* Reacto-Prefix.pch */ = {isa = PBXFileReference; lastKnownFileType = sourcecode.c.h; path = "Reacto-Prefix.pch"; sourceTree = "<group>"; };
		41832FA21964557D00537D3B /* ReactoAppDelegate.h */ = {isa = PBXFileReference; lastKnownFileType = sourcecode.c.h; path = ReactoAppDelegate.h; sourceTree = "<group>"; };
		41832FA31964557D00537D3B /* ReactoAppDelegate.m */ = {isa = PBXFileReference; lastKnownFileType = sourcecode.c.objc; path = ReactoAppDelegate.m; sourceTree = "<group>"; };
		41832FA61964557D00537D3B /* Base */ = {isa = PBXFileReference; lastKnownFileType = file.storyboard; name = Base; path = Base.lproj/Main_iPhone.storyboard; sourceTree = "<group>"; };
		41832FA91964557D00537D3B /* Base */ = {isa = PBXFileReference; lastKnownFileType = file.storyboard; name = Base; path = Base.lproj/Main_iPad.storyboard; sourceTree = "<group>"; };
		41832FAB1964557D00537D3B /* ReactoViewController.h */ = {isa = PBXFileReference; lastKnownFileType = sourcecode.c.h; path = ReactoViewController.h; sourceTree = "<group>"; };
		41832FAC1964557D00537D3B /* ReactoViewController.m */ = {isa = PBXFileReference; lastKnownFileType = sourcecode.c.objc; path = ReactoViewController.m; sourceTree = "<group>"; };
		41832FAE1964557D00537D3B /* Images.xcassets */ = {isa = PBXFileReference; lastKnownFileType = folder.assetcatalog; path = Images.xcassets; sourceTree = "<group>"; };
		41832FB41964557D00537D3B /* ReactoTests.xctest */ = {isa = PBXFileReference; explicitFileType = wrapper.cfbundle; includeInIndex = 0; path = ReactoTests.xctest; sourceTree = BUILT_PRODUCTS_DIR; };
		41832FB51964557D00537D3B /* XCTest.framework */ = {isa = PBXFileReference; lastKnownFileType = wrapper.framework; name = XCTest.framework; path = Library/Frameworks/XCTest.framework; sourceTree = DEVELOPER_DIR; };
		41832FBD1964557D00537D3B /* ReactoTests-Info.plist */ = {isa = PBXFileReference; lastKnownFileType = text.plist.xml; path = "ReactoTests-Info.plist"; sourceTree = "<group>"; };
		41832FBF1964557D00537D3B /* en */ = {isa = PBXFileReference; lastKnownFileType = text.plist.strings; name = en; path = en.lproj/InfoPlist.strings; sourceTree = "<group>"; };
		41832FC11964557D00537D3B /* ReactoTests.m */ = {isa = PBXFileReference; lastKnownFileType = sourcecode.c.objc; path = ReactoTests.m; sourceTree = "<group>"; };
/* End PBXFileReference section */

/* Begin PBXFrameworksBuildPhase section */
		41832F8D1964557D00537D3B /* Frameworks */ = {
			isa = PBXFrameworksBuildPhase;
			buildActionMask = 2147483647;
			files = (
				41832F961964557D00537D3B /* CoreGraphics.framework in Frameworks */,
				41832F981964557D00537D3B /* UIKit.framework in Frameworks */,
				41832F941964557D00537D3B /* Foundation.framework in Frameworks */,
			);
			runOnlyForDeploymentPostprocessing = 0;
		};
		41832FB11964557D00537D3B /* Frameworks */ = {
			isa = PBXFrameworksBuildPhase;
			buildActionMask = 2147483647;
			files = (
				41832FB61964557D00537D3B /* XCTest.framework in Frameworks */,
				41832FB81964557D00537D3B /* UIKit.framework in Frameworks */,
				41832FB71964557D00537D3B /* Foundation.framework in Frameworks */,
			);
			runOnlyForDeploymentPostprocessing = 0;
		};
/* End PBXFrameworksBuildPhase section */

/* Begin PBXGroup section */
		41832F871964557D00537D3B = {
			isa = PBXGroup;
			children = (
				41832F991964557D00537D3B /* Reacto */,
				41832FBB1964557D00537D3B /* ReactoTests */,
				41832F921964557D00537D3B /* Frameworks */,
				41832F911964557D00537D3B /* Products */,
			);
			sourceTree = "<group>";
		};
		41832F911964557D00537D3B /* Products */ = {
			isa = PBXGroup;
			children = (
				41832F901964557D00537D3B /* Reacto.app */,
				41832FB41964557D00537D3B /* ReactoTests.xctest */,
			);
			name = Products;
			sourceTree = "<group>";
		};
		41832F921964557D00537D3B /* Frameworks */ = {
			isa = PBXGroup;
			children = (
				41832F931964557D00537D3B /* Foundation.framework */,
				41832F951964557D00537D3B /* CoreGraphics.framework */,
				41832F971964557D00537D3B /* UIKit.framework */,
				41832FB51964557D00537D3B /* XCTest.framework */,
			);
			name = Frameworks;
			sourceTree = "<group>";
		};
		41832F991964557D00537D3B /* Reacto */ = {
			isa = PBXGroup;
			children = (
				41832FA21964557D00537D3B /* ReactoAppDelegate.h */,
				41832FA31964557D00537D3B /* ReactoAppDelegate.m */,
				41832FA51964557D00537D3B /* Main_iPhone.storyboard */,
				41832FA81964557D00537D3B /* Main_iPad.storyboard */,
				41832FAB1964557D00537D3B /* ReactoViewController.h */,
				41832FAC1964557D00537D3B /* ReactoViewController.m */,
				41832FAE1964557D00537D3B /* Images.xcassets */,
				41832F9A1964557D00537D3B /* Supporting Files */,
			);
			path = Reacto;
			sourceTree = "<group>";
		};
		41832F9A1964557D00537D3B /* Supporting Files */ = {
			isa = PBXGroup;
			children = (
				41832F9B1964557D00537D3B /* Reacto-Info.plist */,
				41832F9C1964557D00537D3B /* InfoPlist.strings */,
				41832F9F1964557D00537D3B /* main.m */,
				41832FA11964557D00537D3B /* Reacto-Prefix.pch */,
			);
			name = "Supporting Files";
			sourceTree = "<group>";
		};
		41832FBB1964557D00537D3B /* ReactoTests */ = {
			isa = PBXGroup;
			children = (
				41832FC11964557D00537D3B /* ReactoTests.m */,
				41832FBC1964557D00537D3B /* Supporting Files */,
			);
			path = ReactoTests;
			sourceTree = "<group>";
		};
		41832FBC1964557D00537D3B /* Supporting Files */ = {
			isa = PBXGroup;
			children = (
				41832FBD1964557D00537D3B /* ReactoTests-Info.plist */,
				41832FBE1964557D00537D3B /* InfoPlist.strings */,
			);
			name = "Supporting Files";
			sourceTree = "<group>";
		};
/* End PBXGroup section */

/* Begin PBXNativeTarget section */
		41832F8F1964557D00537D3B /* Reacto */ = {
			isa = PBXNativeTarget;
			buildConfigurationList = 41832FC51964557D00537D3B /* Build configuration list for PBXNativeTarget "Reacto" */;
			buildPhases = (
				41832F8C1964557D00537D3B /* Sources */,
				41832F8D1964557D00537D3B /* Frameworks */,
				41832F8E1964557D00537D3B /* Resources */,
			);
			buildRules = (
			);
			dependencies = (
			);
			name = Reacto;
			productName = Reacto;
			productReference = 41832F901964557D00537D3B /* Reacto.app */;
			productType = "com.apple.product-type.application";
		};
		41832FB31964557D00537D3B /* ReactoTests */ = {
			isa = PBXNativeTarget;
			buildConfigurationList = 41832FC81964557D00537D3B /* Build configuration list for PBXNativeTarget "ReactoTests" */;
			buildPhases = (
				41832FB01964557D00537D3B /* Sources */,
				41832FB11964557D00537D3B /* Frameworks */,
				41832FB21964557D00537D3B /* Resources */,
			);
			buildRules = (
			);
			dependencies = (
				41832FBA1964557D00537D3B /* PBXTargetDependency */,
			);
			name = ReactoTests;
			productName = ReactoTests;
			productReference = 41832FB41964557D00537D3B /* ReactoTests.xctest */;
			productType = "com.apple.product-type.bundle.unit-test";
		};
/* End PBXNativeTarget section */

/* Begin PBXProject section */
		41832F881964557D00537D3B /* Project object */ = {
			isa = PBXProject;
			attributes = {
				CLASSPREFIX = Reacto;
				LastUpgradeCheck = 0510;
				ORGANIZATIONNAME = Reacto;
				TargetAttributes = {
					41832FB31964557D00537D3B = {
						TestTargetID = 41832F8F1964557D00537D3B;
					};
				};
			};
			buildConfigurationList = 41832F8B1964557D00537D3B /* Build configuration list for PBXProject "Reacto" */;
			compatibilityVersion = "Xcode 3.2";
			developmentRegion = English;
			hasScannedForEncodings = 0;
			knownRegions = (
				en,
				Base,
			);
			mainGroup = 41832F871964557D00537D3B;
			productRefGroup = 41832F911964557D00537D3B /* Products */;
			projectDirPath = "";
			projectRoot = "";
			targets = (
				41832F8F1964557D00537D3B /* Reacto */,
				41832FB31964557D00537D3B /* ReactoTests */,
			);
		};
/* End PBXProject section */

/* Begin PBXResourcesBuildPhase section */
		41832F8E1964557D00537D3B /* Resources */ = {
			isa = PBXResourcesBuildPhase;
			buildActionMask = 2147483647;
			files = (
				41832FAA1964557D00537D3B /* Main_iPad.storyboard in Resources */,
				41832FAF1964557D00537D3B /* Images.xcassets in Resources */,
				41832FA71964557D00537D3B /* Main_iPhone.storyboard in Resources */,
				41832F9E1964557D00537D3B /* InfoPlist.strings in Resources */,
			);
			runOnlyForDeploymentPostprocessing = 0;
		};
		41832FB21964557D00537D3B /* Resources */ = {
			isa = PBXResourcesBuildPhase;
			buildActionMask = 2147483647;
			files = (
				41832FC01964557D00537D3B /* InfoPlist.strings in Resources */,
			);
			runOnlyForDeploymentPostprocessing = 0;
		};
/* End PBXResourcesBuildPhase section */

/* Begin PBXSourcesBuildPhase section */
		41832F8C1964557D00537D3B /* Sources */ = {
			isa = PBXSourcesBuildPhase;
			buildActionMask = 2147483647;
			files = (
				41832FAD1964557D00537D3B /* ReactoViewController.m in Sources */,
				41832FA41964557D00537D3B /* ReactoAppDelegate.m in Sources */,
				41832FA01964557D00537D3B /* main.m in Sources */,
			);
			runOnlyForDeploymentPostprocessing = 0;
		};
		41832FB01964557D00537D3B /* Sources */ = {
			isa = PBXSourcesBuildPhase;
			buildActionMask = 2147483647;
			files = (
				41832FC21964557D00537D3B /* ReactoTests.m in Sources */,
			);
			runOnlyForDeploymentPostprocessing = 0;
		};
/* End PBXSourcesBuildPhase section */

/* Begin PBXTargetDependency section */
		41832FBA1964557D00537D3B /* PBXTargetDependency */ = {
			isa = PBXTargetDependency;
			target = 41832F8F1964557D00537D3B /* Reacto */;
			targetProxy = 41832FB91964557D00537D3B /* PBXContainerItemProxy */;
		};
/* End PBXTargetDependency section */

/* Begin PBXVariantGroup section */
		41832F9C1964557D00537D3B /* InfoPlist.strings */ = {
			isa = PBXVariantGroup;
			children = (
				41832F9D1964557D00537D3B /* en */,
			);
			name = InfoPlist.strings;
			sourceTree = "<group>";
		};
		41832FA51964557D00537D3B /* Main_iPhone.storyboard */ = {
			isa = PBXVariantGroup;
			children = (
				41832FA61964557D00537D3B /* Base */,
			);
			name = Main_iPhone.storyboard;
			sourceTree = "<group>";
		};
		41832FA81964557D00537D3B /* Main_iPad.storyboard */ = {
			isa = PBXVariantGroup;
			children = (
				41832FA91964557D00537D3B /* Base */,
			);
			name = Main_iPad.storyboard;
			sourceTree = "<group>";
		};
		41832FBE1964557D00537D3B /* InfoPlist.strings */ = {
			isa = PBXVariantGroup;
			children = (
				41832FBF1964557D00537D3B /* en */,
			);
			name = InfoPlist.strings;
			sourceTree = "<group>";
		};
/* End PBXVariantGroup section */

/* Begin XCBuildConfiguration section */
		41832FC31964557D00537D3B /* Debug */ = {
			isa = XCBuildConfiguration;
			buildSettings = {
				ALWAYS_SEARCH_USER_PATHS = NO;
				CLANG_CXX_LANGUAGE_STANDARD = "gnu++0x";
				CLANG_CXX_LIBRARY = "libc++";
				CLANG_ENABLE_MODULES = YES;
				CLANG_ENABLE_OBJC_ARC = YES;
				CLANG_WARN_BOOL_CONVERSION = YES;
				CLANG_WARN_CONSTANT_CONVERSION = YES;
				CLANG_WARN_DIRECT_OBJC_ISA_USAGE = YES_ERROR;
				CLANG_WARN_EMPTY_BODY = YES;
				CLANG_WARN_ENUM_CONVERSION = YES;
				CLANG_WARN_INT_CONVERSION = YES;
				CLANG_WARN_OBJC_ROOT_CLASS = YES_ERROR;
				CLANG_WARN__DUPLICATE_METHOD_MATCH = YES;
				"CODE_SIGN_IDENTITY[sdk=iphoneos*]" = "iPhone Developer";
				COPY_PHASE_STRIP = NO;
				GCC_C_LANGUAGE_STANDARD = gnu99;
				GCC_DYNAMIC_NO_PIC = NO;
				GCC_OPTIMIZATION_LEVEL = 0;
				GCC_PREPROCESSOR_DEFINITIONS = (
					"DEBUG=1",
					"$(inherited)",
				);
				GCC_SYMBOLS_PRIVATE_EXTERN = NO;
				GCC_WARN_64_TO_32_BIT_CONVERSION = YES;
				GCC_WARN_ABOUT_RETURN_TYPE = YES_ERROR;
				GCC_WARN_UNDECLARED_SELECTOR = YES;
				GCC_WARN_UNINITIALIZED_AUTOS = YES_AGGRESSIVE;
				GCC_WARN_UNUSED_FUNCTION = YES;
				GCC_WARN_UNUSED_VARIABLE = YES;
				IPHONEOS_DEPLOYMENT_TARGET = 7.1;
				ONLY_ACTIVE_ARCH = YES;
				SDKROOT = iphoneos;
				TARGETED_DEVICE_FAMILY = "1,2";
			};
			name = Debug;
		};
		41832FC41964557D00537D3B /* Release */ = {
			isa = XCBuildConfiguration;
			buildSettings = {
				ALWAYS_SEARCH_USER_PATHS = NO;
				CLANG_CXX_LANGUAGE_STANDARD = "gnu++0x";
				CLANG_CXX_LIBRARY = "libc++";
				CLANG_ENABLE_MODULES = YES;
				CLANG_ENABLE_OBJC_ARC = YES;
				CLANG_WARN_BOOL_CONVERSION = YES;
				CLANG_WARN_CONSTANT_CONVERSION = YES;
				CLANG_WARN_DIRECT_OBJC_ISA_USAGE = YES_ERROR;
				CLANG_WARN_EMPTY_BODY = YES;
				CLANG_WARN_ENUM_CONVERSION = YES;
				CLANG_WARN_INT_CONVERSION = YES;
				CLANG_WARN_OBJC_ROOT_CLASS = YES_ERROR;
				CLANG_WARN__DUPLICATE_METHOD_MATCH = YES;
				"CODE_SIGN_IDENTITY[sdk=iphoneos*]" = "iPhone Developer";
				COPY_PHASE_STRIP = YES;
				ENABLE_NS_ASSERTIONS = NO;
				GCC_C_LANGUAGE_STANDARD = gnu99;
				GCC_WARN_64_TO_32_BIT_CONVERSION = YES;
				GCC_WARN_ABOUT_RETURN_TYPE = YES_ERROR;
				GCC_WARN_UNDECLARED_SELECTOR = YES;
				GCC_WARN_UNINITIALIZED_AUTOS = YES_AGGRESSIVE;
				GCC_WARN_UNUSED_FUNCTION = YES;
				GCC_WARN_UNUSED_VARIABLE = YES;
				IPHONEOS_DEPLOYMENT_TARGET = 7.1;
				SDKROOT = iphoneos;
				TARGETED_DEVICE_FAMILY = "1,2";
				VALIDATE_PRODUCT = YES;
			};
			name = Release;
		};
		41832FC61964557D00537D3B /* Debug */ = {
			isa = XCBuildConfiguration;
			buildSettings = {
				ASSETCATALOG_COMPILER_APPICON_NAME = AppIcon;
				ASSETCATALOG_COMPILER_LAUNCHIMAGE_NAME = LaunchImage;
				GCC_PRECOMPILE_PREFIX_HEADER = YES;
				GCC_PREFIX_HEADER = "Reacto/Reacto-Prefix.pch";
				INFOPLIST_FILE = "Reacto/Reacto-Info.plist";
				PRODUCT_NAME = "$(TARGET_NAME)";
				WRAPPER_EXTENSION = app;
			};
			name = Debug;
		};
		41832FC71964557D00537D3B /* Release */ = {
			isa = XCBuildConfiguration;
			buildSettings = {
				ASSETCATALOG_COMPILER_APPICON_NAME = AppIcon;
				ASSETCATALOG_COMPILER_LAUNCHIMAGE_NAME = LaunchImage;
				GCC_PRECOMPILE_PREFIX_HEADER = YES;
				GCC_PREFIX_HEADER = "Reacto/Reacto-Prefix.pch";
				INFOPLIST_FILE = "Reacto/Reacto-Info.plist";
				PRODUCT_NAME = "$(TARGET_NAME)";
				WRAPPER_EXTENSION = app;
			};
			name = Release;
		};
		41832FC91964557D00537D3B /* Debug */ = {
			isa = XCBuildConfiguration;
			buildSettings = {
				BUNDLE_LOADER = "$(BUILT_PRODUCTS_DIR)/Reacto.app/Reacto";
				FRAMEWORK_SEARCH_PATHS = (
					"$(SDKROOT)/Developer/Library/Frameworks",
					"$(inherited)",
					"$(DEVELOPER_FRAMEWORKS_DIR)",
				);
				GCC_PRECOMPILE_PREFIX_HEADER = YES;
				GCC_PREFIX_HEADER = "Reacto/Reacto-Prefix.pch";
				GCC_PREPROCESSOR_DEFINITIONS = (
					"DEBUG=1",
					"$(inherited)",
				);
				INFOPLIST_FILE = "ReactoTests/ReactoTests-Info.plist";
				PRODUCT_NAME = "$(TARGET_NAME)";
				TEST_HOST = "$(BUNDLE_LOADER)";
				WRAPPER_EXTENSION = xctest;
			};
			name = Debug;
		};
		41832FCA1964557D00537D3B /* Release */ = {
			isa = XCBuildConfiguration;
			buildSettings = {
				BUNDLE_LOADER = "$(BUILT_PRODUCTS_DIR)/Reacto.app/Reacto";
				FRAMEWORK_SEARCH_PATHS = (
					"$(SDKROOT)/Developer/Library/Frameworks",
					"$(inherited)",
					"$(DEVELOPER_FRAMEWORKS_DIR)",
				);
				GCC_PRECOMPILE_PREFIX_HEADER = YES;
				GCC_PREFIX_HEADER = "Reacto/Reacto-Prefix.pch";
				INFOPLIST_FILE = "ReactoTests/ReactoTests-Info.plist";
				PRODUCT_NAME = "$(TARGET_NAME)";
				TEST_HOST = "$(BUNDLE_LOADER)";
				WRAPPER_EXTENSION = xctest;
			};
			name = Release;
		};
/* End XCBuildConfiguration section */

/* Begin XCConfigurationList section */
		41832F8B1964557D00537D3B /* Build configuration list for PBXProject "Reacto" */ = {
			isa = XCConfigurationList;
			buildConfigurations = (
				41832FC31964557D00537D3B /* Debug */,
				41832FC41964557D00537D3B /* Release */,
			);
			defaultConfigurationIsVisible = 0;
			defaultConfigurationName = Release;
		};
		41832FC51964557D00537D3B /* Build configuration list for PBXNativeTarget "Reacto" */ = {
			isa = XCConfigurationList;
			buildConfigurations = (
				41832FC61964557D00537D3B /* Debug */,
				41832FC71964557D00537D3B /* Release */,
			);
			defaultConfigurationIsVisible = 0;
		};
		41832FC81964557D00537D3B /* Build configuration list for PBXNativeTarget "ReactoTests" */ = {
			isa = XCConfigurationList;
			buildConfigurations = (
				41832FC91964557D00537D3B /* Debug */,
				41832FCA1964557D00537D3B /* Release */,
			);
			defaultConfigurationIsVisible = 0;
		};
/* End XCConfigurationList section */
	};
	rootObject = 41832F881964557D00537D3B /* Project object */;
}
